<?xml version="1.0" encoding="utf-8"?>
<Project ToolsVersion="4.0" xmlns="http://schemas.microsoft.com/developer/msbuild/2003">
  <ItemGroup>
    <ClCompile Include="camera.cpp">
      <Filter>源文件</Filter>
    </ClCompile>
    <ClCompile Include="draw.cpp">
      <Filter>源文件</Filter>
    </ClCompile>
    <ClCompile Include="construction.cpp">
      <Filter>源文件</Filter>
    </ClCompile>
    <ClCompile Include="InitShader.cpp">
      <Filter>源文件</Filter>
    </ClCompile>
    <ClCompile Include="main.cpp">
      <Filter>源文件</Filter>
    </ClCompile>
  </ItemGroup>
  <ItemGroup>
    <ClInclude Include="vec.h">
      <Filter>头文件</Filter>
    </ClInclude>
    <ClInclude Include="Angel.h">
      <Filter>头文件</Filter>
    </ClInclude>
    <ClInclude Include="camera.h">
      <Filter>头文件</Filter>
    </ClInclude>
    <ClInclude Include="constant.h">
      <Filter>头文件</Filter>
    </ClInclude>
    <ClInclude Include="construction.h">
      <Filter>头文件</Filter>
    </ClInclude>
    <ClInclude Include="draw.h">
      <Filter>头文件</Filter>
    </ClInclude>
    <ClInclude Include="mat.h">
      <Filter>头文件</Filter>
    </ClInclude>
    <ClInclude Include="point3D.h">
      <Filter>头文件</Filter>
    </ClInclude>
    <ClInclude Include="SOIL.h">
      <Filter>头文件</Filter>
    </ClInclude>
  </ItemGroup>
  <ItemGroup>
    <Filter Include="头文件">
      <UniqueIdentifier>{9aa1e695-5562-4f1c-b6e6-e9dd180fb429}</UniqueIdentifier>
    </Filter>
    <Filter Include="资源文件">
      <UniqueIdentifier>{60fe5179-7d2b-4e5e-9d45-7f5ea7ec3268}</UniqueIdentifier>
    </Filter>
    <Filter Include="源文件">
      <UniqueIdentifier>{3968d32c-ca55-4cf8-be77-b7dba4de3502}</UniqueIdentifier>
    </Filter>
  </ItemGroup>
  <ItemGroup>
    <Library Include="SOIL.lib">
      <Filter>资源文件</Filter>
    </Library>
  </ItemGroup>
</Project>